
Microsoft Visual Studio Solution File, Format Version 12.00
# Visual Studio Version 17
VisualStudioVersion = 17.3.32804.467
MinimumVisualStudioVersion = 10.0.40219.1
Project("{9A19103F-16F7-4668-BE54-9A1E7A4F7556}") = "Attendance_System", "Attendance_System\Attendance_System.csproj", "{8183387D-30C5-4B8D-90DF-158E5D0443A0}"
EndProject
Project("{FAE04EC0-301F-11D3-BF4B-00C04F79EFBC}") = "Test_Attendance_System", "Test_Attendance_System\Test_Attendance_System.csproj", "{837A68B7-26FA-4C1B-9B81-3B59968D83F8}"
EndProject
Global
	GlobalSection(SolutionConfigurationPlatforms) = preSolution
		Debug|Any CPU = Debug|Any CPU
		Release|Any CPU = Release|Any CPU
	EndGlobalSection
	GlobalSection(ProjectConfigurationPlatforms) = postSolution
		{8183387D-30C5-4B8D-90DF-158E5D0443A0}.Debug|Any CPU.ActiveCfg = Debug|Any CPU
		{8183387D-30C5-4B8D-90DF-158E5D0443A0}.Debug|Any CPU.Build.0 = Debug|Any CPU
		{8183387D-30C5-4B8D-90DF-158E5D0443A0}.Release|Any CPU.ActiveCfg = Release|Any CPU
		{8183387D-30C5-4B8D-90DF-158E5D0443A0}.Release|Any CPU.Build.0 = Release|Any CPU
		{837A68B7-26FA-4C1B-9B81-3B59968D83F8}.Debug|Any CPU.ActiveCfg = Debug|Any CPU
		{837A68B7-26FA-4C1B-9B81-3B59968D83F8}.Debug|Any CPU.Build.0 = Debug|Any CPU
		{837A68B7-26FA-4C1B-9B81-3B59968D83F8}.Release|Any CPU.ActiveCfg = Release|Any CPU
		{837A68B7-26FA-4C1B-9B81-3B59968D83F8}.Release|Any CPU.Build.0 = Release|Any CPU
	EndGlobalSection
	GlobalSection(SolutionProperties) = preSolution
		HideSolutionNode = FALSE
	EndGlobalSection
	GlobalSection(ExtensibilityGlobals) = postSolution
		SolutionGuid = {A16E8C81-21B0-491D-A642-BABA6C3EE587}
	EndGlobalSection
EndGlobal
